
Microsoft Visual Studio Solution File, Format Version 12.00
# Visual Studio 15
VisualStudioVersion = 15.0.27130.2024
MinimumVisualStudioVersion = 10.0.40219.1
Project("{FAE04EC0-301F-11D3-BF4B-00C04F79EFBC}") = "SudokuSharp", "SudokuSharp\SudokuSharp.csproj", "{46313371-31EB-4D52-BD7D-28296DBFD54B}"
EndProject
Project("{FAE04EC0-301F-11D3-BF4B-00C04F79EFBC}") = "SudokuSharp.Test", "SudokuSharp.Test\SudokuSharp.Test.csproj", "{9C94E21A-1580-4D08-9B32-81F4A6D2AB16}"
EndProject
Global
	GlobalSection(SolutionConfigurationPlatforms) = preSolution
		Debug|Any CPU = Debug|Any CPU
		Release|Any CPU = Release|Any CPU
	EndGlobalSection
	GlobalSection(ProjectConfigurationPlatforms) = postSolution
		{46313371-31EB-4D52-BD7D-28296DBFD54B}.Debug|Any CPU.ActiveCfg = Debug|Any CPU
		{46313371-31EB-4D52-BD7D-28296DBFD54B}.Debug|Any CPU.Build.0 = Debug|Any CPU
		{46313371-31EB-4D52-BD7D-28296DBFD54B}.Release|Any CPU.ActiveCfg = Release|Any CPU
		{46313371-31EB-4D52-BD7D-28296DBFD54B}.Release|Any CPU.Build.0 = Release|Any CPU
		{9C94E21A-1580-4D08-9B32-81F4A6D2AB16}.Debug|Any CPU.ActiveCfg = Debug|Any CPU
		{9C94E21A-1580-4D08-9B32-81F4A6D2AB16}.Debug|Any CPU.Build.0 = Debug|Any CPU
		{9C94E21A-1580-4D08-9B32-81F4A6D2AB16}.Release|Any CPU.ActiveCfg = Release|Any CPU
		{9C94E21A-1580-4D08-9B32-81F4A6D2AB16}.Release|Any CPU.Build.0 = Release|Any CPU
	EndGlobalSection
	GlobalSection(SolutionProperties) = preSolution
		HideSolutionNode = FALSE
	EndGlobalSection
	GlobalSection(ExtensibilityGlobals) = postSolution
		SolutionGuid = {73D5F69E-B853-43F6-91B7-670EC4738559}
	EndGlobalSection
EndGlobal
